
Microsoft Visual Studio Solution File, Format Version 12.00
# Visual Studio Version 17
VisualStudioVersion = 17.7.34024.191
MinimumVisualStudioVersion = 10.0.40219.1
Project("{FAE04EC0-301F-11D3-BF4B-00C04F79EFBC}") = "LoudVoiceUI", "LoudVoiceUI\LoudVoiceUI.csproj", "{F970027B-C23B-4BF1-9CE9-A6623E4EEE83}"
EndProject
Project("{2150E333-8FDC-42A3-9474-1A3956D46DE8}") = "src", "src", "{65D97BCD-187B-4238-8918-47EA935BD8E0}"
EndProject
Project("{2150E333-8FDC-42A3-9474-1A3956D46DE8}") = "tests", "tests", "{CA54B176-A2E4-4231-87D3-463BAE26A9D1}"
EndProject
Project("{2150E333-8FDC-42A3-9474-1A3956D46DE8}") = "Core", "Core", "{013D811F-58E6-48C8-BD80-66973B29CA8D}"
EndProject
Project("{2150E333-8FDC-42A3-9474-1A3956D46DE8}") = "Presentation", "Presentation", "{16313C79-DCFB-4DCE-AAF4-D5E495EFCBFC}"
EndProject
Project("{2150E333-8FDC-42A3-9474-1A3956D46DE8}") = "Infrastructure", "Infrastructure", "{196E940E-A6FA-4DAF-AC3B-1A320CD4DC90}"
EndProject
Project("{FAE04EC0-301F-11D3-BF4B-00C04F79EFBC}") = "LoudVoice.Domain", "LoudVoice.Domain\LoudVoice.Domain.csproj", "{E888BC0B-EDB6-441E-A6F5-05CBC96939F9}"
EndProject
Project("{FAE04EC0-301F-11D3-BF4B-00C04F79EFBC}") = "LoudVoice.Application", "LoudVoice.Application\LoudVoice.Application.csproj", "{7413A341-3728-422C-A3BD-3CA7D583E2B7}"
EndProject
Project("{FAE04EC0-301F-11D3-BF4B-00C04F79EFBC}") = "LoudVoice.Inrastructure", "LoudVoice.Inrastructure\LoudVoice.Inrastructure.csproj", "{BD47F3D3-E32B-4373-99F7-D72D246CCDDC}"
EndProject
Project("{2150E333-8FDC-42A3-9474-1A3956D46DE8}") = "Shared", "Shared", "{DF164D3D-CBBB-4787-9A8D-9C05DB3DEF9F}"
EndProject
Project("{FAE04EC0-301F-11D3-BF4B-00C04F79EFBC}") = "LoudVoice.Abstractions", "LoudVoice.Abstractions\LoudVoice.Abstractions.csproj", "{2EB71C9F-B8FC-42DB-A5FE-1752A6D554CE}"
EndProject
Global
	GlobalSection(SolutionConfigurationPlatforms) = preSolution
		Debug|Any CPU = Debug|Any CPU
		Release|Any CPU = Release|Any CPU
	EndGlobalSection
	GlobalSection(ProjectConfigurationPlatforms) = postSolution
		{F970027B-C23B-4BF1-9CE9-A6623E4EEE83}.Debug|Any CPU.ActiveCfg = Debug|Any CPU
		{F970027B-C23B-4BF1-9CE9-A6623E4EEE83}.Debug|Any CPU.Build.0 = Debug|Any CPU
		{F970027B-C23B-4BF1-9CE9-A6623E4EEE83}.Release|Any CPU.ActiveCfg = Release|Any CPU
		{F970027B-C23B-4BF1-9CE9-A6623E4EEE83}.Release|Any CPU.Build.0 = Release|Any CPU
		{E888BC0B-EDB6-441E-A6F5-05CBC96939F9}.Debug|Any CPU.ActiveCfg = Debug|Any CPU
		{E888BC0B-EDB6-441E-A6F5-05CBC96939F9}.Debug|Any CPU.Build.0 = Debug|Any CPU
		{E888BC0B-EDB6-441E-A6F5-05CBC96939F9}.Release|Any CPU.ActiveCfg = Release|Any CPU
		{E888BC0B-EDB6-441E-A6F5-05CBC96939F9}.Release|Any CPU.Build.0 = Release|Any CPU
		{7413A341-3728-422C-A3BD-3CA7D583E2B7}.Debug|Any CPU.ActiveCfg = Debug|Any CPU
		{7413A341-3728-422C-A3BD-3CA7D583E2B7}.Debug|Any CPU.Build.0 = Debug|Any CPU
		{7413A341-3728-422C-A3BD-3CA7D583E2B7}.Release|Any CPU.ActiveCfg = Release|Any CPU
		{7413A341-3728-422C-A3BD-3CA7D583E2B7}.Release|Any CPU.Build.0 = Release|Any CPU
		{BD47F3D3-E32B-4373-99F7-D72D246CCDDC}.Debug|Any CPU.ActiveCfg = Debug|Any CPU
		{BD47F3D3-E32B-4373-99F7-D72D246CCDDC}.Debug|Any CPU.Build.0 = Debug|Any CPU
		{BD47F3D3-E32B-4373-99F7-D72D246CCDDC}.Release|Any CPU.ActiveCfg = Release|Any CPU
		{BD47F3D3-E32B-4373-99F7-D72D246CCDDC}.Release|Any CPU.Build.0 = Release|Any CPU
		{2EB71C9F-B8FC-42DB-A5FE-1752A6D554CE}.Debug|Any CPU.ActiveCfg = Debug|Any CPU
		{2EB71C9F-B8FC-42DB-A5FE-1752A6D554CE}.Debug|Any CPU.Build.0 = Debug|Any CPU
		{2EB71C9F-B8FC-42DB-A5FE-1752A6D554CE}.Release|Any CPU.ActiveCfg = Release|Any CPU
		{2EB71C9F-B8FC-42DB-A5FE-1752A6D554CE}.Release|Any CPU.Build.0 = Release|Any CPU
	EndGlobalSection
	GlobalSection(SolutionProperties) = preSolution
		HideSolutionNode = FALSE
	EndGlobalSection
	GlobalSection(NestedProjects) = preSolution
		{F970027B-C23B-4BF1-9CE9-A6623E4EEE83} = {16313C79-DCFB-4DCE-AAF4-D5E495EFCBFC}
		{013D811F-58E6-48C8-BD80-66973B29CA8D} = {65D97BCD-187B-4238-8918-47EA935BD8E0}
		{16313C79-DCFB-4DCE-AAF4-D5E495EFCBFC} = {65D97BCD-187B-4238-8918-47EA935BD8E0}
		{196E940E-A6FA-4DAF-AC3B-1A320CD4DC90} = {65D97BCD-187B-4238-8918-47EA935BD8E0}
		{E888BC0B-EDB6-441E-A6F5-05CBC96939F9} = {013D811F-58E6-48C8-BD80-66973B29CA8D}
		{7413A341-3728-422C-A3BD-3CA7D583E2B7} = {013D811F-58E6-48C8-BD80-66973B29CA8D}
		{BD47F3D3-E32B-4373-99F7-D72D246CCDDC} = {196E940E-A6FA-4DAF-AC3B-1A320CD4DC90}
		{DF164D3D-CBBB-4787-9A8D-9C05DB3DEF9F} = {65D97BCD-187B-4238-8918-47EA935BD8E0}
		{2EB71C9F-B8FC-42DB-A5FE-1752A6D554CE} = {DF164D3D-CBBB-4787-9A8D-9C05DB3DEF9F}
	EndGlobalSection
	GlobalSection(ExtensibilityGlobals) = postSolution
		SolutionGuid = {B264DCF3-9D36-42C9-98DC-127EF5BBF90A}
	EndGlobalSection
EndGlobal
